
Microsoft Visual Studio Solution File, Format Version 12.00
Project("{FAE04EC0-301F-11D3-BF4B-00C04F79EFBC}") = "Web", "Web\Web.csproj", "{09A1BCDE-2DFE-4950-BE87-43EDF98FE8EA}"
EndProject
Project("{FAE04EC0-301F-11D3-BF4B-00C04F79EFBC}") = "Infrastructure", "Infrastructure\Infrastructure.csproj", "{D79C90FA-CF33-4826-8409-7BC4D6E27888}"
EndProject
Project("{FAE04EC0-301F-11D3-BF4B-00C04F79EFBC}") = "UnitTests", "UnitTests\UnitTests.csproj", "{C9FBFE47-C956-4C51-BE72-0699D4F803A2}"
EndProject
Project("{2150E333-8FDC-42A3-9474-1A3956D46DE8}") = "App", "App", "{97D33361-BDB1-4383-AE85-00D4ACC02CEC}"
EndProject
Project("{2150E333-8FDC-42A3-9474-1A3956D46DE8}") = "Tests", "Tests", "{EDEC2A76-01EA-48AB-AAD2-669B132E39A2}"
EndProject
Global
	GlobalSection(SolutionConfigurationPlatforms) = preSolution
		Debug|Any CPU = Debug|Any CPU
		Release|Any CPU = Release|Any CPU
	EndGlobalSection
	GlobalSection(ProjectConfigurationPlatforms) = postSolution
		{09A1BCDE-2DFE-4950-BE87-43EDF98FE8EA}.Debug|Any CPU.ActiveCfg = Debug|Any CPU
		{09A1BCDE-2DFE-4950-BE87-43EDF98FE8EA}.Debug|Any CPU.Build.0 = Debug|Any CPU
		{09A1BCDE-2DFE-4950-BE87-43EDF98FE8EA}.Release|Any CPU.ActiveCfg = Release|Any CPU
		{09A1BCDE-2DFE-4950-BE87-43EDF98FE8EA}.Release|Any CPU.Build.0 = Release|Any CPU
		{D79C90FA-CF33-4826-8409-7BC4D6E27888}.Debug|Any CPU.ActiveCfg = Debug|Any CPU
		{D79C90FA-CF33-4826-8409-7BC4D6E27888}.Debug|Any CPU.Build.0 = Debug|Any CPU
		{D79C90FA-CF33-4826-8409-7BC4D6E27888}.Release|Any CPU.ActiveCfg = Release|Any CPU
		{D79C90FA-CF33-4826-8409-7BC4D6E27888}.Release|Any CPU.Build.0 = Release|Any CPU
		{C9FBFE47-C956-4C51-BE72-0699D4F803A2}.Debug|Any CPU.ActiveCfg = Debug|Any CPU
		{C9FBFE47-C956-4C51-BE72-0699D4F803A2}.Debug|Any CPU.Build.0 = Debug|Any CPU
		{C9FBFE47-C956-4C51-BE72-0699D4F803A2}.Release|Any CPU.ActiveCfg = Release|Any CPU
		{C9FBFE47-C956-4C51-BE72-0699D4F803A2}.Release|Any CPU.Build.0 = Release|Any CPU
	EndGlobalSection
	GlobalSection(NestedProjects) = preSolution
		{D79C90FA-CF33-4826-8409-7BC4D6E27888} = {97D33361-BDB1-4383-AE85-00D4ACC02CEC}
		{09A1BCDE-2DFE-4950-BE87-43EDF98FE8EA} = {97D33361-BDB1-4383-AE85-00D4ACC02CEC}
		{C9FBFE47-C956-4C51-BE72-0699D4F803A2} = {EDEC2A76-01EA-48AB-AAD2-669B132E39A2}
	EndGlobalSection
EndGlobal
